
Microsoft Visual Studio Solution File, Format Version 12.00
# Visual Studio 14
VisualStudioVersion = 14.0.25420.1
MinimumVisualStudioVersion = 10.0.40219.1
Project("{2150E333-8FDC-42A3-9474-1A3956D46DE8}") = "src", "src", "{C8E39FF5-6DAC-48F6-B548-F8810788A17D}"
EndProject
Project("{2150E333-8FDC-42A3-9474-1A3956D46DE8}") = "Solution Items", "Solution Items", "{A63082C2-9B85-452E-A718-87F53BFC45F9}"
	ProjectSection(SolutionItems) = preProject
		global.json = global.json
	EndProjectSection
EndProject
Project("{8BB2217D-0F2D-49D1-97BC-3654ED321F3B}") = "socnet", "src\socnet\socnet.xproj", "{7FE1E485-EBF6-45C6-8FE4-858EC9774640}"
EndProject
Global
	GlobalSection(SolutionConfigurationPlatforms) = preSolution
		Debug|Any CPU = Debug|Any CPU
		Release|Any CPU = Release|Any CPU
	EndGlobalSection
	GlobalSection(ProjectConfigurationPlatforms) = postSolution
		{7FE1E485-EBF6-45C6-8FE4-858EC9774640}.Debug|Any CPU.ActiveCfg = Debug|Any CPU
		{7FE1E485-EBF6-45C6-8FE4-858EC9774640}.Debug|Any CPU.Build.0 = Debug|Any CPU
		{7FE1E485-EBF6-45C6-8FE4-858EC9774640}.Release|Any CPU.ActiveCfg = Release|Any CPU
		{7FE1E485-EBF6-45C6-8FE4-858EC9774640}.Release|Any CPU.Build.0 = Release|Any CPU
	EndGlobalSection
	GlobalSection(SolutionProperties) = preSolution
		HideSolutionNode = FALSE
	EndGlobalSection
	GlobalSection(NestedProjects) = preSolution
		{7FE1E485-EBF6-45C6-8FE4-858EC9774640} = {C8E39FF5-6DAC-48F6-B548-F8810788A17D}
	EndGlobalSection
EndGlobal
